// !$*UTF8*$!
{
	archiveVersion = 1;
	classes = {
	};
	objectVersion = 56;
	objects = {

/* Begin PBXBuildFile section */
		C32004D12C77439D0086367A /* RotatableCireceleView.swift in Sources */ = {isa = PBXBuildFile; fileRef = C32004D02C77439D0086367A /* RotatableCireceleView.swift */; };
		C32004D32C77466B0086367A /* VerticalTitleView.swift in Sources */ = {isa = PBXBuildFile; fileRef = C32004D22C77466B0086367A /* VerticalTitleView.swift */; };
		C32004D52C7799A20086367A /* MainView.swift in Sources */ = {isa = PBXBuildFile; fileRef = C32004D42C7799A20086367A /* MainView.swift */; };
		C39FB1472C79E3BF009BB8A3 /* LanguageOptionsView.swift in Sources */ = {isa = PBXBuildFile; fileRef = C39FB1462C79E3BF009BB8A3 /* LanguageOptionsView.swift */; };
		C39FB1492C79E40F009BB8A3 /* Constatns.swift in Sources */ = {isa = PBXBuildFile; fileRef = C39FB1482C79E40F009BB8A3 /* Constatns.swift */; };
		C3C804482C7085E7007A4C49 /* GeetingsApp.swift in Sources */ = {isa = PBXBuildFile; fileRef = C3C804472C7085E7007A4C49 /* GeetingsApp.swift */; };
		C3C8044A2C7085E7007A4C49 /* GreetingsView.swift in Sources */ = {isa = PBXBuildFile; fileRef = C3C804492C7085E7007A4C49 /* GreetingsView.swift */; };
		C3C8044C2C7085EA007A4C49 /* Assets.xcassets in Resources */ = {isa = PBXBuildFile; fileRef = C3C8044B2C7085EA007A4C49 /* Assets.xcassets */; };
		C3C804502C7085EA007A4C49 /* Preview Assets.xcassets in Resources */ = {isa = PBXBuildFile; fileRef = C3C8044F2C7085EA007A4C49 /* Preview Assets.xcassets */; };
		C3C804572C7089E5007A4C49 /* TextView.swift in Sources */ = {isa = PBXBuildFile; fileRef = C3C804562C7089E5007A4C49 /* TextView.swift */; };
		C3C804592C70C26F007A4C49 /* DataItemModel.swift in Sources */ = {isa = PBXBuildFile; fileRef = C3C804582C70C26F007A4C49 /* DataItemModel.swift */; };
		C3C8045B2C71F030007A4C49 /* TitleView.swift in Sources */ = {isa = PBXBuildFile; fileRef = C3C8045A2C71F030007A4C49 /* TitleView.swift */; };
		C3C8045D2C71F0DC007A4C49 /* MessagesView.swift in Sources */ = {isa = PBXBuildFile; fileRef = C3C8045C2C71F0DC007A4C49 /* MessagesView.swift */; };
		C3C8045F2C71F3D6007A4C49 /* LinearGradientView.swift in Sources */ = {isa = PBXBuildFile; fileRef = C3C8045E2C71F3D6007A4C49 /* LinearGradientView.swift */; };
		C3C804612C74A311007A4C49 /* LaunchScreen.storyboard in Resources */ = {isa = PBXBuildFile; fileRef = C3C804602C74A311007A4C49 /* LaunchScreen.storyboard */; };
		C3C804672C750AA2007A4C49 /* Localizable.xcstrings in Resources */ = {isa = PBXBuildFile; fileRef = C3C804662C750AA2007A4C49 /* Localizable.xcstrings */; };
		C3C8046B2C765D73007A4C49 /* landscapeGreetingView.swift in Sources */ = {isa = PBXBuildFile; fileRef = C3C8046A2C765D73007A4C49 /* landscapeGreetingView.swift */; };
		C3C8046D2C765E67007A4C49 /* GrettingsTextView.swift in Sources */ = {isa = PBXBuildFile; fileRef = C3C8046C2C765E67007A4C49 /* GrettingsTextView.swift */; };
		C3D978CE2C7DD2EF006371DF /* LanguageOptionTapView.swift in Sources */ = {isa = PBXBuildFile; fileRef = C3D978CD2C7DD2EF006371DF /* LanguageOptionTapView.swift */; };
		C3DE4F592C7CF2F700530CCE /* GreetingsTip.swift in Sources */ = {isa = PBXBuildFile; fileRef = C3DE4F582C7CF2F700530CCE /* GreetingsTip.swift */; };
/* End PBXBuildFile section */

/* Begin PBXFileReference section */
		C32004D02C77439D0086367A /* RotatableCireceleView.swift */ = {isa = PBXFileReference; lastKnownFileType = sourcecode.swift; path = RotatableCireceleView.swift; sourceTree = "<group>"; };
		C32004D22C77466B0086367A /* VerticalTitleView.swift */ = {isa = PBXFileReference; lastKnownFileType = sourcecode.swift; path = VerticalTitleView.swift; sourceTree = "<group>"; };
		C32004D42C7799A20086367A /* MainView.swift */ = {isa = PBXFileReference; lastKnownFileType = sourcecode.swift; path = MainView.swift; sourceTree = "<group>"; };
		C39FB1462C79E3BF009BB8A3 /* LanguageOptionsView.swift */ = {isa = PBXFileReference; lastKnownFileType = sourcecode.swift; path = LanguageOptionsView.swift; sourceTree = "<group>"; };
		C39FB1482C79E40F009BB8A3 /* Constatns.swift */ = {isa = PBXFileReference; lastKnownFileType = sourcecode.swift; path = Constatns.swift; sourceTree = "<group>"; };
		C3C804442C7085E7007A4C49 /* Geetings.app */ = {isa = PBXFileReference; explicitFileType = wrapper.application; includeInIndex = 0; path = Geetings.app; sourceTree = BUILT_PRODUCTS_DIR; };
		C3C804472C7085E7007A4C49 /* GeetingsApp.swift */ = {isa = PBXFileReference; lastKnownFileType = sourcecode.swift; path = GeetingsApp.swift; sourceTree = "<group>"; };
		C3C804492C7085E7007A4C49 /* GreetingsView.swift */ = {isa = PBXFileReference; lastKnownFileType = sourcecode.swift; path = GreetingsView.swift; sourceTree = "<group>"; };
		C3C8044B2C7085EA007A4C49 /* Assets.xcassets */ = {isa = PBXFileReference; lastKnownFileType = folder.assetcatalog; path = Assets.xcassets; sourceTree = "<group>"; };
		C3C8044D2C7085EA007A4C49 /* Geetings.entitlements */ = {isa = PBXFileReference; lastKnownFileType = text.plist.entitlements; path = Geetings.entitlements; sourceTree = "<group>"; };
		C3C8044F2C7085EA007A4C49 /* Preview Assets.xcassets */ = {isa = PBXFileReference; lastKnownFileType = folder.assetcatalog; path = "Preview Assets.xcassets"; sourceTree = "<group>"; };
		C3C804562C7089E5007A4C49 /* TextView.swift */ = {isa = PBXFileReference; lastKnownFileType = sourcecode.swift; path = TextView.swift; sourceTree = "<group>"; };
		C3C804582C70C26F007A4C49 /* DataItemModel.swift */ = {isa = PBXFileReference; lastKnownFileType = sourcecode.swift; path = DataItemModel.swift; sourceTree = "<group>"; };
		C3C8045A2C71F030007A4C49 /* TitleView.swift */ = {isa = PBXFileReference; lastKnownFileType = sourcecode.swift; path = TitleView.swift; sourceTree = "<group>"; };
		C3C8045C2C71F0DC007A4C49 /* MessagesView.swift */ = {isa = PBXFileReference; lastKnownFileType = sourcecode.swift; path = MessagesView.swift; sourceTree = "<group>"; };
		C3C8045E2C71F3D6007A4C49 /* LinearGradientView.swift */ = {isa = PBXFileReference; lastKnownFileType = sourcecode.swift; path = LinearGradientView.swift; sourceTree = "<group>"; };
		C3C804602C74A311007A4C49 /* LaunchScreen.storyboard */ = {isa = PBXFileReference; lastKnownFileType = file.storyboard; path = LaunchScreen.storyboard; sourceTree = "<group>"; };
		C3C804662C750AA2007A4C49 /* Localizable.xcstrings */ = {isa = PBXFileReference; lastKnownFileType = text.json.xcstrings; path = Localizable.xcstrings; sourceTree = "<group>"; };
		C3C8046A2C765D73007A4C49 /* landscapeGreetingView.swift */ = {isa = PBXFileReference; lastKnownFileType = sourcecode.swift; path = landscapeGreetingView.swift; sourceTree = "<group>"; };
		C3C8046C2C765E67007A4C49 /* GrettingsTextView.swift */ = {isa = PBXFileReference; lastKnownFileType = sourcecode.swift; path = GrettingsTextView.swift; sourceTree = "<group>"; };
		C3D978CD2C7DD2EF006371DF /* LanguageOptionTapView.swift */ = {isa = PBXFileReference; lastKnownFileType = sourcecode.swift; path = LanguageOptionTapView.swift; sourceTree = "<group>"; };
		C3DE4F582C7CF2F700530CCE /* GreetingsTip.swift */ = {isa = PBXFileReference; lastKnownFileType = sourcecode.swift; path = GreetingsTip.swift; sourceTree = "<group>"; };
/* End PBXFileReference section */

/* Begin PBXFrameworksBuildPhase section */
		C3C804412C7085E7007A4C49 /* Frameworks */ = {
			isa = PBXFrameworksBuildPhase;
			buildActionMask = 2147483647;
			files = (
			);
			runOnlyForDeploymentPostprocessing = 0;
		};
/* End PBXFrameworksBuildPhase section */

/* Begin PBXGroup section */
		C3C8043B2C7085E7007A4C49 = {
			isa = PBXGroup;
			children = (
				C3C804462C7085E7007A4C49 /* Geetings */,
				C3C804452C7085E7007A4C49 /* Products */,
			);
			sourceTree = "<group>";
		};
		C3C804452C7085E7007A4C49 /* Products */ = {
			isa = PBXGroup;
			children = (
				C3C804442C7085E7007A4C49 /* Geetings.app */,
			);
			name = Products;
			sourceTree = "<group>";
		};
		C3C804462C7085E7007A4C49 /* Geetings */ = {
			isa = PBXGroup;
			children = (
				C39FB1482C79E40F009BB8A3 /* Constatns.swift */,
				C3DE4F582C7CF2F700530CCE /* GreetingsTip.swift */,
				C3C804692C765BF6007A4C49 /* Views */,
				C3C804682C765BD6007A4C49 /* Model */,
				C3C804662C750AA2007A4C49 /* Localizable.xcstrings */,
				C3C804472C7085E7007A4C49 /* GeetingsApp.swift */,
				C32004D42C7799A20086367A /* MainView.swift */,
				C3C8044B2C7085EA007A4C49 /* Assets.xcassets */,
				C3C8044D2C7085EA007A4C49 /* Geetings.entitlements */,
				C3C8044E2C7085EA007A4C49 /* Preview Content */,
				C3C804602C74A311007A4C49 /* LaunchScreen.storyboard */,
			);
			path = Geetings;
			sourceTree = "<group>";
		};
		C3C8044E2C7085EA007A4C49 /* Preview Content */ = {
			isa = PBXGroup;
			children = (
				C3C8044F2C7085EA007A4C49 /* Preview Assets.xcassets */,
			);
			path = "Preview Content";
			sourceTree = "<group>";
		};
		C3C804682C765BD6007A4C49 /* Model */ = {
			isa = PBXGroup;
			children = (
				C3C804582C70C26F007A4C49 /* DataItemModel.swift */,
			);
			path = Model;
			sourceTree = "<group>";
		};
		C3C804692C765BF6007A4C49 /* Views */ = {
			isa = PBXGroup;
			children = (
				C3C8046C2C765E67007A4C49 /* GrettingsTextView.swift */,
				C3C804492C7085E7007A4C49 /* GreetingsView.swift */,
				C3C8045C2C71F0DC007A4C49 /* MessagesView.swift */,
				C3C8045A2C71F030007A4C49 /* TitleView.swift */,
				C32004D22C77466B0086367A /* VerticalTitleView.swift */,
				C32004D02C77439D0086367A /* RotatableCireceleView.swift */,
				C3C8045E2C71F3D6007A4C49 /* LinearGradientView.swift */,
				C3C804562C7089E5007A4C49 /* TextView.swift */,
				C3C8046A2C765D73007A4C49 /* landscapeGreetingView.swift */,
				C39FB1462C79E3BF009BB8A3 /* LanguageOptionsView.swift */,
				C3D978CD2C7DD2EF006371DF /* LanguageOptionTapView.swift */,
			);
			path = Views;
			sourceTree = "<group>";
		};
/* End PBXGroup section */

/* Begin PBXNativeTarget section */
		C3C804432C7085E7007A4C49 /* Geetings */ = {
			isa = PBXNativeTarget;
			buildConfigurationList = C3C804532C7085EA007A4C49 /* Build configuration list for PBXNativeTarget "Geetings" */;
			buildPhases = (
				C3C804402C7085E7007A4C49 /* Sources */,
				C3C804412C7085E7007A4C49 /* Frameworks */,
				C3C804422C7085E7007A4C49 /* Resources */,
			);
			buildRules = (
			);
			dependencies = (
			);
			name = Geetings;
			productName = Geetings;
			productReference = C3C804442C7085E7007A4C49 /* Geetings.app */;
			productType = "com.apple.product-type.application";
		};
/* End PBXNativeTarget section */

/* Begin PBXProject section */
		C3C8043C2C7085E7007A4C49 /* Project object */ = {
			isa = PBXProject;
			attributes = {
				BuildIndependentTargetsInParallel = 1;
				LastSwiftUpdateCheck = 1540;
				LastUpgradeCheck = 1540;
				TargetAttributes = {
					C3C804432C7085E7007A4C49 = {
						CreatedOnToolsVersion = 15.4;
					};
				};
			};
			buildConfigurationList = C3C8043F2C7085E7007A4C49 /* Build configuration list for PBXProject "Geetings" */;
			compatibilityVersion = "Xcode 14.0";
			developmentRegion = en;
			hasScannedForEncodings = 0;
			knownRegions = (
				en,
				Base,
				es,
				ar,
				he,
			);
			mainGroup = C3C8043B2C7085E7007A4C49;
			productRefGroup = C3C804452C7085E7007A4C49 /* Products */;
			projectDirPath = "";
			projectRoot = "";
			targets = (
				C3C804432C7085E7007A4C49 /* Geetings */,
			);
		};
/* End PBXProject section */

/* Begin PBXResourcesBuildPhase section */
		C3C804422C7085E7007A4C49 /* Resources */ = {
			isa = PBXResourcesBuildPhase;
			buildActionMask = 2147483647;
			files = (
				C3C804612C74A311007A4C49 /* LaunchScreen.storyboard in Resources */,
				C3C804502C7085EA007A4C49 /* Preview Assets.xcassets in Resources */,
				C3C804672C750AA2007A4C49 /* Localizable.xcstrings in Resources */,
				C3C8044C2C7085EA007A4C49 /* Assets.xcassets in Resources */,
			);
			runOnlyForDeploymentPostprocessing = 0;
		};
/* End PBXResourcesBuildPhase section */

/* Begin PBXSourcesBuildPhase section */
		C3C804402C7085E7007A4C49 /* Sources */ = {
			isa = PBXSourcesBuildPhase;
			buildActionMask = 2147483647;
			files = (
				C3C8046D2C765E67007A4C49 /* GrettingsTextView.swift in Sources */,
				C32004D52C7799A20086367A /* MainView.swift in Sources */,
				C3C804592C70C26F007A4C49 /* DataItemModel.swift in Sources */,
				C3D978CE2C7DD2EF006371DF /* LanguageOptionTapView.swift in Sources */,
				C3C8046B2C765D73007A4C49 /* landscapeGreetingView.swift in Sources */,
				C3C804572C7089E5007A4C49 /* TextView.swift in Sources */,
				C3C8045F2C71F3D6007A4C49 /* LinearGradientView.swift in Sources */,
				C3DE4F592C7CF2F700530CCE /* GreetingsTip.swift in Sources */,
				C3C8045D2C71F0DC007A4C49 /* MessagesView.swift in Sources */,
				C3C8044A2C7085E7007A4C49 /* GreetingsView.swift in Sources */,
				C32004D12C77439D0086367A /* RotatableCireceleView.swift in Sources */,
				C39FB1472C79E3BF009BB8A3 /* LanguageOptionsView.swift in Sources */,
				C3C804482C7085E7007A4C49 /* GeetingsApp.swift in Sources */,
				C32004D32C77466B0086367A /* VerticalTitleView.swift in Sources */,
				C3C8045B2C71F030007A4C49 /* TitleView.swift in Sources */,
				C39FB1492C79E40F009BB8A3 /* Constatns.swift in Sources */,
			);
			runOnlyForDeploymentPostprocessing = 0;
		};
/* End PBXSourcesBuildPhase section */

/* Begin XCBuildConfiguration section */
		C3C804512C7085EA007A4C49 /* Debug */ = {
			isa = XCBuildConfiguration;
			buildSettings = {
				ALWAYS_SEARCH_USER_PATHS = NO;
				ASSETCATALOG_COMPILER_GENERATE_SWIFT_ASSET_SYMBOL_EXTENSIONS = YES;
				CLANG_ANALYZER_NONNULL = YES;
				CLANG_ANALYZER_NUMBER_OBJECT_CONVERSION = YES_AGGRESSIVE;
				CLANG_CXX_LANGUAGE_STANDARD = "gnu++20";
				CLANG_ENABLE_MODULES = YES;
				CLANG_ENABLE_OBJC_ARC = YES;
				CLANG_ENABLE_OBJC_WEAK = YES;
				CLANG_WARN_BLOCK_CAPTURE_AUTORELEASING = YES;
				CLANG_WARN_BOOL_CONVERSION = YES;
				CLANG_WARN_COMMA = YES;
				CLANG_WARN_CONSTANT_CONVERSION = YES;
				CLANG_WARN_DEPRECATED_OBJC_IMPLEMENTATIONS = YES;
				CLANG_WARN_DIRECT_OBJC_ISA_USAGE = YES_ERROR;
				CLANG_WARN_DOCUMENTATION_COMMENTS = YES;
				CLANG_WARN_EMPTY_BODY = YES;
				CLANG_WARN_ENUM_CONVERSION = YES;
				CLANG_WARN_INFINITE_RECURSION = YES;
				CLANG_WARN_INT_CONVERSION = YES;
				CLANG_WARN_NON_LITERAL_NULL_CONVERSION = YES;
				CLANG_WARN_OBJC_IMPLICIT_RETAIN_SELF = YES;
				CLANG_WARN_OBJC_LITERAL_CONVERSION = YES;
				CLANG_WARN_OBJC_ROOT_CLASS = YES_ERROR;
				CLANG_WARN_QUOTED_INCLUDE_IN_FRAMEWORK_HEADER = YES;
				CLANG_WARN_RANGE_LOOP_ANALYSIS = YES;
				CLANG_WARN_STRICT_PROTOTYPES = YES;
				CLANG_WARN_SUSPICIOUS_MOVE = YES;
				CLANG_WARN_UNGUARDED_AVAILABILITY = YES_AGGRESSIVE;
				CLANG_WARN_UNREACHABLE_CODE = YES;
				CLANG_WARN__DUPLICATE_METHOD_MATCH = YES;
				COPY_PHASE_STRIP = NO;
				DEBUG_INFORMATION_FORMAT = dwarf;
				ENABLE_STRICT_OBJC_MSGSEND = YES;
				ENABLE_TESTABILITY = YES;
				ENABLE_USER_SCRIPT_SANDBOXING = YES;
				GCC_C_LANGUAGE_STANDARD = gnu17;
				GCC_DYNAMIC_NO_PIC = NO;
				GCC_NO_COMMON_BLOCKS = YES;
				GCC_OPTIMIZATION_LEVEL = 0;
				GCC_PREPROCESSOR_DEFINITIONS = (
					"DEBUG=1",
					"$(inherited)",
				);
				GCC_WARN_64_TO_32_BIT_CONVERSION = YES;
				GCC_WARN_ABOUT_RETURN_TYPE = YES_ERROR;
				GCC_WARN_UNDECLARED_SELECTOR = YES;
				GCC_WARN_UNINITIALIZED_AUTOS = YES_AGGRESSIVE;
				GCC_WARN_UNUSED_FUNCTION = YES;
				GCC_WARN_UNUSED_VARIABLE = YES;
				LOCALIZATION_PREFERS_STRING_CATALOGS = YES;
				MTL_ENABLE_DEBUG_INFO = INCLUDE_SOURCE;
				MTL_FAST_MATH = YES;
				ONLY_ACTIVE_ARCH = YES;
				SWIFT_ACTIVE_COMPILATION_CONDITIONS = "DEBUG $(inherited)";
				SWIFT_OPTIMIZATION_LEVEL = "-Onone";
			};
			name = Debug;
		};
		C3C804522C7085EA007A4C49 /* Release */ = {
			isa = XCBuildConfiguration;
			buildSettings = {
				ALWAYS_SEARCH_USER_PATHS = NO;
				ASSETCATALOG_COMPILER_GENERATE_SWIFT_ASSET_SYMBOL_EXTENSIONS = YES;
				CLANG_ANALYZER_NONNULL = YES;
				CLANG_ANALYZER_NUMBER_OBJECT_CONVERSION = YES_AGGRESSIVE;
				CLANG_CXX_LANGUAGE_STANDARD = "gnu++20";
				CLANG_ENABLE_MODULES = YES;
				CLANG_ENABLE_OBJC_ARC = YES;
				CLANG_ENABLE_OBJC_WEAK = YES;
				CLANG_WARN_BLOCK_CAPTURE_AUTORELEASING = YES;
				CLANG_WARN_BOOL_CONVERSION = YES;
				CLANG_WARN_COMMA = YES;
				CLANG_WARN_CONSTANT_CONVERSION = YES;
				CLANG_WARN_DEPRECATED_OBJC_IMPLEMENTATIONS = YES;
				CLANG_WARN_DIRECT_OBJC_ISA_USAGE = YES_ERROR;
				CLANG_WARN_DOCUMENTATION_COMMENTS = YES;
				CLANG_WARN_EMPTY_BODY = YES;
				CLANG_WARN_ENUM_CONVERSION = YES;
				CLANG_WARN_INFINITE_RECURSION = YES;
				CLANG_WARN_INT_CONVERSION = YES;
				CLANG_WARN_NON_LITERAL_NULL_CONVERSION = YES;
				CLANG_WARN_OBJC_IMPLICIT_RETAIN_SELF = YES;
				CLANG_WARN_OBJC_LITERAL_CONVERSION = YES;
				CLANG_WARN_OBJC_ROOT_CLASS = YES_ERROR;
				CLANG_WARN_QUOTED_INCLUDE_IN_FRAMEWORK_HEADER = YES;
				CLANG_WARN_RANGE_LOOP_ANALYSIS = YES;
				CLANG_WARN_STRICT_PROTOTYPES = YES;
				CLANG_WARN_SUSPICIOUS_MOVE = YES;
				CLANG_WARN_UNGUARDED_AVAILABILITY = YES_AGGRESSIVE;
				CLANG_WARN_UNREACHABLE_CODE = YES;
				CLANG_WARN__DUPLICATE_METHOD_MATCH = YES;
				COPY_PHASE_STRIP = NO;
				DEBUG_INFORMATION_FORMAT = "dwarf-with-dsym";
				ENABLE_NS_ASSERTIONS = NO;
				ENABLE_STRICT_OBJC_MSGSEND = YES;
				ENABLE_USER_SCRIPT_SANDBOXING = YES;
				GCC_C_LANGUAGE_STANDARD = gnu17;
				GCC_NO_COMMON_BLOCKS = YES;
				GCC_WARN_64_TO_32_BIT_CONVERSION = YES;
				GCC_WARN_ABOUT_RETURN_TYPE = YES_ERROR;
				GCC_WARN_UNDECLARED_SELECTOR = YES;
				GCC_WARN_UNINITIALIZED_AUTOS = YES_AGGRESSIVE;
				GCC_WARN_UNUSED_FUNCTION = YES;
				GCC_WARN_UNUSED_VARIABLE = YES;
				LOCALIZATION_PREFERS_STRING_CATALOGS = YES;
				MTL_ENABLE_DEBUG_INFO = NO;
				MTL_FAST_MATH = YES;
				SWIFT_COMPILATION_MODE = wholemodule;
			};
			name = Release;
		};
		C3C804542C7085EA007A4C49 /* Debug */ = {
			isa = XCBuildConfiguration;
			buildSettings = {
				ASSETCATALOG_COMPILER_APPICON_NAME = AppIcon;
				ASSETCATALOG_COMPILER_GLOBAL_ACCENT_COLOR_NAME = AccentColor;
				CODE_SIGN_ENTITLEMENTS = Geetings/Geetings.entitlements;
				CODE_SIGN_STYLE = Automatic;
				CURRENT_PROJECT_VERSION = 1;
				DEVELOPMENT_ASSET_PATHS = "\"Geetings/Preview Content\"";
				DEVELOPMENT_TEAM = 88SW66SMBD;
				ENABLE_HARDENED_RUNTIME = YES;
				ENABLE_PREVIEWS = YES;
				GENERATE_INFOPLIST_FILE = YES;
				"INFOPLIST_KEY_UIApplicationSceneManifest_Generation[sdk=iphoneos*]" = YES;
				"INFOPLIST_KEY_UIApplicationSceneManifest_Generation[sdk=iphonesimulator*]" = YES;
				"INFOPLIST_KEY_UIApplicationSupportsIndirectInputEvents[sdk=iphoneos*]" = YES;
				"INFOPLIST_KEY_UIApplicationSupportsIndirectInputEvents[sdk=iphonesimulator*]" = YES;
				"INFOPLIST_KEY_UILaunchScreen_Generation[sdk=iphoneos*]" = YES;
				"INFOPLIST_KEY_UILaunchScreen_Generation[sdk=iphonesimulator*]" = YES;
				INFOPLIST_KEY_UILaunchStoryboardName = LaunchScreen.storyboard;
				"INFOPLIST_KEY_UIStatusBarStyle[sdk=iphoneos*]" = UIStatusBarStyleDefault;
				"INFOPLIST_KEY_UIStatusBarStyle[sdk=iphonesimulator*]" = UIStatusBarStyleDefault;
				INFOPLIST_KEY_UISupportedInterfaceOrientations_iPad = "UIInterfaceOrientationPortrait UIInterfaceOrientationPortraitUpsideDown UIInterfaceOrientationLandscapeLeft UIInterfaceOrientationLandscapeRight";
				INFOPLIST_KEY_UISupportedInterfaceOrientations_iPhone = "UIInterfaceOrientationPortrait UIInterfaceOrientationLandscapeLeft UIInterfaceOrientationLandscapeRight";
				IPHONEOS_DEPLOYMENT_TARGET = 17.0;
				LD_RUNPATH_SEARCH_PATHS = "@executable_path/Frameworks";
				"LD_RUNPATH_SEARCH_PATHS[sdk=macosx*]" = "@executable_path/../Frameworks";
				MACOSX_DEPLOYMENT_TARGET = 14.5;
				MARKETING_VERSION = 1.0;
				PRODUCT_BUNDLE_IDENTIFIER = nour.com.Geetings;
				PRODUCT_NAME = "$(TARGET_NAME)";
				SDKROOT = auto;
				SUPPORTED_PLATFORMS = "iphoneos iphonesimulator macosx";
				SWIFT_EMIT_LOC_STRINGS = YES;
				SWIFT_VERSION = 5.0;
				TARGETED_DEVICE_FAMILY = "1,2";
			};
			name = Debug;
		};
		C3C804552C7085EA007A4C49 /* Release */ = {
			isa = XCBuildConfiguration;
			buildSettings = {
				ASSETCATALOG_COMPILER_APPICON_NAME = AppIcon;
				ASSETCATALOG_COMPILER_GLOBAL_ACCENT_COLOR_NAME = AccentColor;
				CODE_SIGN_ENTITLEMENTS = Geetings/Geetings.entitlements;
				CODE_SIGN_STYLE = Automatic;
				CURRENT_PROJECT_VERSION = 1;
				DEVELOPMENT_ASSET_PATHS = "\"Geetings/Preview Content\"";
				DEVELOPMENT_TEAM = 88SW66SMBD;
				ENABLE_HARDENED_RUNTIME = YES;
				ENABLE_PREVIEWS = YES;
				GENERATE_INFOPLIST_FILE = YES;
				"INFOPLIST_KEY_UIApplicationSceneManifest_Generation[sdk=iphoneos*]" = YES;
				"INFOPLIST_KEY_UIApplicationSceneManifest_Generation[sdk=iphonesimulator*]" = YES;
				"INFOPLIST_KEY_UIApplicationSupportsIndirectInputEvents[sdk=iphoneos*]" = YES;
				"INFOPLIST_KEY_UIApplicationSupportsIndirectInputEvents[sdk=iphonesimulator*]" = YES;
				"INFOPLIST_KEY_UILaunchScreen_Generation[sdk=iphoneos*]" = YES;
				"INFOPLIST_KEY_UILaunchScreen_Generation[sdk=iphonesimulator*]" = YES;
				INFOPLIST_KEY_UILaunchStoryboardName = LaunchScreen.storyboard;
				"INFOPLIST_KEY_UIStatusBarStyle[sdk=iphoneos*]" = UIStatusBarStyleDefault;
				"INFOPLIST_KEY_UIStatusBarStyle[sdk=iphonesimulator*]" = UIStatusBarStyleDefault;
				INFOPLIST_KEY_UISupportedInterfaceOrientations_iPad = "UIInterfaceOrientationPortrait UIInterfaceOrientationPortraitUpsideDown UIInterfaceOrientationLandscapeLeft UIInterfaceOrientationLandscapeRight";
				INFOPLIST_KEY_UISupportedInterfaceOrientations_iPhone = "UIInterfaceOrientationPortrait UIInterfaceOrientationLandscapeLeft UIInterfaceOrientationLandscapeRight";
				IPHONEOS_DEPLOYMENT_TARGET = 17.0;
				LD_RUNPATH_SEARCH_PATHS = "@executable_path/Frameworks";
				"LD_RUNPATH_SEARCH_PATHS[sdk=macosx*]" = "@executable_path/../Frameworks";
				MACOSX_DEPLOYMENT_TARGET = 14.5;
				MARKETING_VERSION = 1.0;
				PRODUCT_BUNDLE_IDENTIFIER = nour.com.Geetings;
				PRODUCT_NAME = "$(TARGET_NAME)";
				SDKROOT = auto;
				SUPPORTED_PLATFORMS = "iphoneos iphonesimulator macosx";
				SWIFT_EMIT_LOC_STRINGS = YES;
				SWIFT_VERSION = 5.0;
				TARGETED_DEVICE_FAMILY = "1,2";
			};
			name = Release;
		};
/* End XCBuildConfiguration section */

/* Begin XCConfigurationList section */
		C3C8043F2C7085E7007A4C49 /* Build configuration list for PBXProject "Geetings" */ = {
			isa = XCConfigurationList;
			buildConfigurations = (
				C3C804512C7085EA007A4C49 /* Debug */,
				C3C804522C7085EA007A4C49 /* Release */,
			);
			defaultConfigurationIsVisible = 0;
			defaultConfigurationName = Release;
		};
		C3C804532C7085EA007A4C49 /* Build configuration list for PBXNativeTarget "Geetings" */ = {
			isa = XCConfigurationList;
			buildConfigurations = (
				C3C804542C7085EA007A4C49 /* Debug */,
				C3C804552C7085EA007A4C49 /* Release */,
			);
			defaultConfigurationIsVisible = 0;
			defaultConfigurationName = Release;
		};
/* End XCConfigurationList section */
	};
	rootObject = C3C8043C2C7085E7007A4C49 /* Project object */;
}
